
Microsoft Visual Studio Solution File, Format Version 12.00
# Visual Studio Version 17
VisualStudioVersion = 17.3.32819.101
MinimumVisualStudioVersion = 10.0.40219.1
Project("{FAE04EC0-301F-11D3-BF4B-00C04F79EFBC}") = "TP4_AMFV", "TP4_AMFV.csproj", "{170C43DB-47AB-4C9B-BEC3-4AD6631B48FA}"
EndProject
Global
	GlobalSection(SolutionConfigurationPlatforms) = preSolution
		Debug|Any CPU = Debug|Any CPU
		Release|Any CPU = Release|Any CPU
	EndGlobalSection
	GlobalSection(ProjectConfigurationPlatforms) = postSolution
		{170C43DB-47AB-4C9B-BEC3-4AD6631B48FA}.Debug|Any CPU.ActiveCfg = Debug|Any CPU
		{170C43DB-47AB-4C9B-BEC3-4AD6631B48FA}.Debug|Any CPU.Build.0 = Debug|Any CPU
		{170C43DB-47AB-4C9B-BEC3-4AD6631B48FA}.Release|Any CPU.ActiveCfg = Release|Any CPU
		{170C43DB-47AB-4C9B-BEC3-4AD6631B48FA}.Release|Any CPU.Build.0 = Release|Any CPU
	EndGlobalSection
	GlobalSection(SolutionProperties) = preSolution
		HideSolutionNode = FALSE
	EndGlobalSection
	GlobalSection(ExtensibilityGlobals) = postSolution
		SolutionGuid = {16BA9F85-6B48-4E01-8753-656C831897A8}
	EndGlobalSection
EndGlobal
